
Microsoft Visual Studio Solution File, Format Version 12.00
# Visual Studio Version 17
VisualStudioVersion = 17.13.35931.197 d17.13
MinimumVisualStudioVersion = 10.0.40219.1
Project("{FAE04EC0-301F-11D3-BF4B-00C04F79EFBC}") = "HealthMate", "HealthMate\HealthMate.csproj", "{C9A86C10-76C8-4BA0-AD8F-7379EABC1017}"
EndProject
Global
	GlobalSection(SolutionConfigurationPlatforms) = preSolution
		Debug|Any CPU = Debug|Any CPU
		Release|Any CPU = Release|Any CPU
	EndGlobalSection
	GlobalSection(ProjectConfigurationPlatforms) = postSolution
		{C9A86C10-76C8-4BA0-AD8F-7379EABC1017}.Debug|Any CPU.ActiveCfg = Debug|Any CPU
		{C9A86C10-76C8-4BA0-AD8F-7379EABC1017}.Debug|Any CPU.Build.0 = Debug|Any CPU
		{C9A86C10-76C8-4BA0-AD8F-7379EABC1017}.Release|Any CPU.ActiveCfg = Release|Any CPU
		{C9A86C10-76C8-4BA0-AD8F-7379EABC1017}.Release|Any CPU.Build.0 = Release|Any CPU
	EndGlobalSection
	GlobalSection(SolutionProperties) = preSolution
		HideSolutionNode = FALSE
	EndGlobalSection
	GlobalSection(ExtensibilityGlobals) = postSolution
		SolutionGuid = {2B5AC792-F760-4BA6-BBA7-D2C3C605DBF6}
	EndGlobalSection
EndGlobal
